
Microsoft Visual Studio Solution File, Format Version 12.00
# Visual Studio Version 17
VisualStudioVersion = 17.5.33627.172
MinimumVisualStudioVersion = 10.0.40219.1
Project("{9A19103F-16F7-4668-BE54-9A1E7A4F7556}") = "Dragon.Service", "Dragon.Service\Dragon.Service.csproj", "{0725E026-A5A3-4E9B-89AA-4548EA2D5FE9}"
EndProject
Project("{9A19103F-16F7-4668-BE54-9A1E7A4F7556}") = "Dragon.Core", "Dragon.Core\Dragon.Core.csproj", "{01491AB3-91CE-4F77-BF6A-A8B21FCD92A9}"
EndProject
Project("{9A19103F-16F7-4668-BE54-9A1E7A4F7556}") = "Dragon.Network", "Dragon.Network\Dragon.Network.csproj", "{799AE913-C8BD-475E-AA4A-B15184FAB3D2}"
EndProject
Project("{FAE04EC0-301F-11D3-BF4B-00C04F79EFBC}") = "Dragon.Database", "Dragon.Database\Dragon.Database.csproj", "{1644DFB5-91BC-4ECA-9E1C-F1F8EF590F36}"
EndProject
Global
	GlobalSection(SolutionConfigurationPlatforms) = preSolution
		Debug|Any CPU = Debug|Any CPU
		Release|Any CPU = Release|Any CPU
	EndGlobalSection
	GlobalSection(ProjectConfigurationPlatforms) = postSolution
		{0725E026-A5A3-4E9B-89AA-4548EA2D5FE9}.Debug|Any CPU.ActiveCfg = Debug|Any CPU
		{0725E026-A5A3-4E9B-89AA-4548EA2D5FE9}.Debug|Any CPU.Build.0 = Debug|Any CPU
		{0725E026-A5A3-4E9B-89AA-4548EA2D5FE9}.Release|Any CPU.ActiveCfg = Release|Any CPU
		{0725E026-A5A3-4E9B-89AA-4548EA2D5FE9}.Release|Any CPU.Build.0 = Release|Any CPU
		{01491AB3-91CE-4F77-BF6A-A8B21FCD92A9}.Debug|Any CPU.ActiveCfg = Debug|Any CPU
		{01491AB3-91CE-4F77-BF6A-A8B21FCD92A9}.Debug|Any CPU.Build.0 = Debug|Any CPU
		{01491AB3-91CE-4F77-BF6A-A8B21FCD92A9}.Release|Any CPU.ActiveCfg = Release|Any CPU
		{01491AB3-91CE-4F77-BF6A-A8B21FCD92A9}.Release|Any CPU.Build.0 = Release|Any CPU
		{799AE913-C8BD-475E-AA4A-B15184FAB3D2}.Debug|Any CPU.ActiveCfg = Debug|Any CPU
		{799AE913-C8BD-475E-AA4A-B15184FAB3D2}.Debug|Any CPU.Build.0 = Debug|Any CPU
		{799AE913-C8BD-475E-AA4A-B15184FAB3D2}.Release|Any CPU.ActiveCfg = Release|Any CPU
		{799AE913-C8BD-475E-AA4A-B15184FAB3D2}.Release|Any CPU.Build.0 = Release|Any CPU
		{1644DFB5-91BC-4ECA-9E1C-F1F8EF590F36}.Debug|Any CPU.ActiveCfg = Debug|Any CPU
		{1644DFB5-91BC-4ECA-9E1C-F1F8EF590F36}.Debug|Any CPU.Build.0 = Debug|Any CPU
		{1644DFB5-91BC-4ECA-9E1C-F1F8EF590F36}.Release|Any CPU.ActiveCfg = Release|Any CPU
		{1644DFB5-91BC-4ECA-9E1C-F1F8EF590F36}.Release|Any CPU.Build.0 = Release|Any CPU
	EndGlobalSection
	GlobalSection(SolutionProperties) = preSolution
		HideSolutionNode = FALSE
	EndGlobalSection
	GlobalSection(ExtensibilityGlobals) = postSolution
		SolutionGuid = {B63C946B-7C4C-4AA8-9E97-3174D6532E96}
	EndGlobalSection
EndGlobal
